
Microsoft Visual Studio Solution File, Format Version 12.00
# Visual Studio 2012
Project("{FAE04EC0-301F-11D3-BF4B-00C04F79EFBC}") = "CasImpersonator", "CASImpersonator\CasImpersonator.csproj", "{21AD1B7F-C360-4235-A3BB-41E102910344}"
EndProject
Project("{FAE04EC0-301F-11D3-BF4B-00C04F79EFBC}") = "CasImpersonationTest", "CASImpersonationTest\CasImpersonationTest.csproj", "{7AE55ED6-858F-4712-8A22-682CF78E09CD}"
EndProject
Global
	GlobalSection(SolutionConfigurationPlatforms) = preSolution
		Debug|Any CPU = Debug|Any CPU
		Release|Any CPU = Release|Any CPU
	EndGlobalSection
	GlobalSection(ProjectConfigurationPlatforms) = postSolution
		{21AD1B7F-C360-4235-A3BB-41E102910344}.Debug|Any CPU.ActiveCfg = Debug|Any CPU
		{21AD1B7F-C360-4235-A3BB-41E102910344}.Debug|Any CPU.Build.0 = Debug|Any CPU
		{21AD1B7F-C360-4235-A3BB-41E102910344}.Release|Any CPU.ActiveCfg = Release|Any CPU
		{21AD1B7F-C360-4235-A3BB-41E102910344}.Release|Any CPU.Build.0 = Release|Any CPU
		{7AE55ED6-858F-4712-8A22-682CF78E09CD}.Debug|Any CPU.ActiveCfg = Debug|Any CPU
		{7AE55ED6-858F-4712-8A22-682CF78E09CD}.Debug|Any CPU.Build.0 = Debug|Any CPU
		{7AE55ED6-858F-4712-8A22-682CF78E09CD}.Release|Any CPU.ActiveCfg = Release|Any CPU
		{7AE55ED6-858F-4712-8A22-682CF78E09CD}.Release|Any CPU.Build.0 = Release|Any CPU
	EndGlobalSection
	GlobalSection(SolutionProperties) = preSolution
		HideSolutionNode = FALSE
	EndGlobalSection
EndGlobal
